
Microsoft Visual Studio Solution File, Format Version 12.00
# Visual Studio Version 17
VisualStudioVersion = 17.14.37027.9
MinimumVisualStudioVersion = 10.0.40219.1
Project("{FAE04EC0-301F-11D3-BF4B-00C04F79EFBC}") = "AppointmentAPI", "AppointmentAPI\AppointmentAPI.csproj", "{23216DA5-421A-4971-9C5E-6C4D8B5FDEB1}"
EndProject
Project("{FAE04EC0-301F-11D3-BF4B-00C04F79EFBC}") = "AppointmentAPI.Tests", "AppointmentAPI.Tests\AppointmentAPI.Tests.csproj", "{125D8056-4FFC-4451-B855-15C9EF3C8FC0}"
EndProject
Global
	GlobalSection(SolutionConfigurationPlatforms) = preSolution
		Debug|Any CPU = Debug|Any CPU
		Debug|x64 = Debug|x64
		Debug|x86 = Debug|x86
		Release|Any CPU = Release|Any CPU
		Release|x64 = Release|x64
		Release|x86 = Release|x86
	EndGlobalSection
	GlobalSection(ProjectConfigurationPlatforms) = postSolution
		{23216DA5-421A-4971-9C5E-6C4D8B5FDEB1}.Debug|Any CPU.ActiveCfg = Debug|Any CPU
		{23216DA5-421A-4971-9C5E-6C4D8B5FDEB1}.Debug|Any CPU.Build.0 = Debug|Any CPU
		{23216DA5-421A-4971-9C5E-6C4D8B5FDEB1}.Debug|x64.ActiveCfg = Debug|Any CPU
		{23216DA5-421A-4971-9C5E-6C4D8B5FDEB1}.Debug|x64.Build.0 = Debug|Any CPU
		{23216DA5-421A-4971-9C5E-6C4D8B5FDEB1}.Debug|x86.ActiveCfg = Debug|Any CPU
		{23216DA5-421A-4971-9C5E-6C4D8B5FDEB1}.Debug|x86.Build.0 = Debug|Any CPU
		{23216DA5-421A-4971-9C5E-6C4D8B5FDEB1}.Release|Any CPU.ActiveCfg = Release|Any CPU
		{23216DA5-421A-4971-9C5E-6C4D8B5FDEB1}.Release|Any CPU.Build.0 = Release|Any CPU
		{23216DA5-421A-4971-9C5E-6C4D8B5FDEB1}.Release|x64.ActiveCfg = Release|Any CPU
		{23216DA5-421A-4971-9C5E-6C4D8B5FDEB1}.Release|x64.Build.0 = Release|Any CPU
		{23216DA5-421A-4971-9C5E-6C4D8B5FDEB1}.Release|x86.ActiveCfg = Release|Any CPU
		{23216DA5-421A-4971-9C5E-6C4D8B5FDEB1}.Release|x86.Build.0 = Release|Any CPU
		{125D8056-4FFC-4451-B855-15C9EF3C8FC0}.Debug|Any CPU.ActiveCfg = Debug|Any CPU
		{125D8056-4FFC-4451-B855-15C9EF3C8FC0}.Debug|Any CPU.Build.0 = Debug|Any CPU
		{125D8056-4FFC-4451-B855-15C9EF3C8FC0}.Debug|x64.ActiveCfg = Debug|Any CPU
		{125D8056-4FFC-4451-B855-15C9EF3C8FC0}.Debug|x64.Build.0 = Debug|Any CPU
		{125D8056-4FFC-4451-B855-15C9EF3C8FC0}.Debug|x86.ActiveCfg = Debug|Any CPU
		{125D8056-4FFC-4451-B855-15C9EF3C8FC0}.Debug|x86.Build.0 = Debug|Any CPU
		{125D8056-4FFC-4451-B855-15C9EF3C8FC0}.Release|Any CPU.ActiveCfg = Release|Any CPU
		{125D8056-4FFC-4451-B855-15C9EF3C8FC0}.Release|Any CPU.Build.0 = Release|Any CPU
		{125D8056-4FFC-4451-B855-15C9EF3C8FC0}.Release|x64.ActiveCfg = Release|Any CPU
		{125D8056-4FFC-4451-B855-15C9EF3C8FC0}.Release|x64.Build.0 = Release|Any CPU
		{125D8056-4FFC-4451-B855-15C9EF3C8FC0}.Release|x86.ActiveCfg = Release|Any CPU
		{125D8056-4FFC-4451-B855-15C9EF3C8FC0}.Release|x86.Build.0 = Release|Any CPU
	EndGlobalSection
	GlobalSection(SolutionProperties) = preSolution
		HideSolutionNode = FALSE
	EndGlobalSection
	GlobalSection(ExtensibilityGlobals) = postSolution
		SolutionGuid = {13F17D1A-E490-4C7A-A384-2D320049A911}
	EndGlobalSection
EndGlobal
